
Microsoft Visual Studio Solution File, Format Version 12.00
# Visual Studio 2013
VisualStudioVersion = 12.0.21005.1
MinimumVisualStudioVersion = 10.0.40219.1
Project("{FAE04EC0-301F-11D3-BF4B-00C04F79EFBC}") = "BloodyMunsServer", "BloodyMunsServer\BloodyMunsServer.csproj", "{EFEA7E96-659D-4E7B-BD0C-BAA8E4E2F24D}"
EndProject
Global
	GlobalSection(SolutionConfigurationPlatforms) = preSolution
		Debug|Any CPU = Debug|Any CPU
		Release|Any CPU = Release|Any CPU
	EndGlobalSection
	GlobalSection(ProjectConfigurationPlatforms) = postSolution
		{EFEA7E96-659D-4E7B-BD0C-BAA8E4E2F24D}.Debug|Any CPU.ActiveCfg = Debug|Any CPU
		{EFEA7E96-659D-4E7B-BD0C-BAA8E4E2F24D}.Debug|Any CPU.Build.0 = Debug|Any CPU
		{EFEA7E96-659D-4E7B-BD0C-BAA8E4E2F24D}.Release|Any CPU.ActiveCfg = Release|Any CPU
		{EFEA7E96-659D-4E7B-BD0C-BAA8E4E2F24D}.Release|Any CPU.Build.0 = Release|Any CPU
	EndGlobalSection
	GlobalSection(SolutionProperties) = preSolution
		HideSolutionNode = FALSE
	EndGlobalSection
EndGlobal
